{
    "lockfileVersion": 3,
    "requires": true,
    "packages": {
        "": {
            "dependencies": {
                "culori": "^4.0.2",
                "image-q": "^4.0.0",
                "sharp": "^0.34.2"
            },
            "devDependencies": {
                "prettier": "^3.3.3"
            }
        },
        "node_modules/@img/colour": {
            "version": "1.1.0",
            "resolved": "https://registry.npmjs.org/@img/colour/-/colour-1.1.0.tgz",
            "integrity": "sha512-Td76q7j57o/tLVdgS746cYARfSyxk8iEfRxewL9h4OMzYhbW4TAcppl0mT4eyqXddh6L/jwoM75mo7ixa/pCeQ==",
            "license": "MIT",
            "engines": {
                "node": ">=18"
            }
        },
        "node_modules/@img/sharp-win32-x64": {
            "version": "0.34.5",
            "resolved": "https://registry.npmjs.org/@img/sharp-win32-x64/-/sharp-win32-x64-0.34.5.tgz",
            "integrity": "sha512-+29YMsqY2/9eFEiW93eqWnuLcWcufowXewwSNIT6UwZdUUCrM3oFjMWH/Z6/TMmb4hlFenmfAVbpWeup2jryCw==",
            "cpu": [
                "x64"
            ],
            "license": "Apache-2.0 AND LGPL-3.0-or-later",
            "optional": true,
            "os": [
                "win32"
            ],
            "engines": {
                "node": "^18.17.0 || ^20.3.0 || >=21.0.0"
            },
            "funding": {
                "url": "https://opencollective.com/libvips"
            }
        },
        "node_modules/@types/node": {
            "version": "16.9.1",
            "resolved": "https://registry.npmjs.org/@types/node/-/node-16.9.1.tgz",
            "integrity": "sha512-QpLcX9ZSsq3YYUUnD3nFDY8H7wctAhQj/TFKL8Ya8v5fMm3CFXxo8zStsLAl780ltoYoo1WvKUVGBQK+1ifr7g==",
            "license": "MIT"
        },
        "node_modules/culori": {
            "version": "4.0.2",
            "resolved": "https://registry.npmjs.org/culori/-/culori-4.0.2.tgz",
            "integrity": "sha512-1+BhOB8ahCn4O0cep0Sh2l9KCOfOdY+BXJnKMHFFzDEouSr/el18QwXEMRlOj9UY5nCeA8UN3a/82rUWRBeyBw==",
            "license": "MIT",
            "engines": {
                "node": "^12.20.0 || ^14.13.1 || >=16.0.0"
            }
        },
        "node_modules/detect-libc": {
            "version": "2.1.2",
            "resolved": "https://registry.npmjs.org/detect-libc/-/detect-libc-2.1.2.tgz",
            "integrity": "sha512-Btj2BOOO83o3WyH59e8MgXsxEQVcarkUOpEYrubB0urwnN10yQ364rsiByU11nZlqWYZm05i/of7io4mzihBtQ==",
            "license": "Apache-2.0",
            "engines": {
                "node": ">=8"
            }
        },
        "node_modules/image-q": {
            "version": "4.0.0",
            "resolved": "https://registry.npmjs.org/image-q/-/image-q-4.0.0.tgz",
            "integrity": "sha512-PfJGVgIfKQJuq3s0tTDOKtztksibuUEbJQIYT3by6wctQo+Rdlh7ef4evJ5NCdxY4CfMbvFkocEwbl4BF8RlJw==",
            "license": "MIT",
            "dependencies": {
                "@types/node": "16.9.1"
            }
        },
        "node_modules/prettier": {
            "version": "3.8.3",
            "resolved": "https://registry.npmjs.org/prettier/-/prettier-3.8.3.tgz",
            "integrity": "sha512-7igPTM53cGHMW8xWuVTydi2KO233VFiTNyF5hLJqpilHfmn8C8gPf+PS7dUT64YcXFbiMGZxS9pCSxL/Dxm/Jw==",
            "dev": true,
            "license": "MIT",
            "bin": {
                "prettier": "bin/prettier.cjs"
            },
            "engines": {
                "node": ">=14"
            },
            "funding": {
                "url": "https://github.com/prettier/prettier?sponsor=1"
            }
        },
        "node_modules/semver": {
            "version": "7.8.2",
            "resolved": "https://registry.npmjs.org/semver/-/semver-7.8.2.tgz",
            "integrity": "sha512-c8jsqUZm3omBOI66G90z1Dyw5z622G8oLG+omfsHBJf3CWQTlOcwOjvOG6wtiNfW6anKm/eA39LMwMtMez2TiQ==",
            "license": "ISC",
            "bin": {
                "semver": "bin/semver.js"
            },
            "engines": {
                "node": ">=10"
            }
        },
        "node_modules/sharp": {
            "version": "0.34.5",
            "resolved": "https://registry.npmjs.org/sharp/-/sharp-0.34.5.tgz",
            "integrity": "sha512-Ou9I5Ft9WNcCbXrU9cMgPBcCK8LiwLqcbywW3t4oDV37n1pzpuNLsYiAV8eODnjbtQlSDwZ2cUEeQz4E54Hltg==",
            "hasInstallScript": true,
            "license": "Apache-2.0",
            "dependencies": {
                "@img/colour": "^1.0.0",
                "detect-libc": "^2.1.2",
                "semver": "^7.7.3"
            },
            "engines": {
                "node": "^18.17.0 || ^20.3.0 || >=21.0.0"
            },
            "funding": {
                "url": "https://opencollective.com/libvips"
            },
            "optionalDependencies": {
                "@img/sharp-darwin-arm64": "0.34.5",
                "@img/sharp-darwin-x64": "0.34.5",
                "@img/sharp-libvips-darwin-arm64": "1.2.4",
                "@img/sharp-libvips-darwin-x64": "1.2.4",
                "@img/sharp-libvips-linux-arm": "1.2.4",
                "@img/sharp-libvips-linux-arm64": "1.2.4",
                "@img/sharp-libvips-linux-ppc64": "1.2.4",
                "@img/sharp-libvips-linux-riscv64": "1.2.4",
                "@img/sharp-libvips-linux-s390x": "1.2.4",
                "@img/sharp-libvips-linux-x64": "1.2.4",
                "@img/sharp-libvips-linuxmusl-arm64": "1.2.4",
                "@img/sharp-libvips-linuxmusl-x64": "1.2.4",
                "@img/sharp-linux-arm": "0.34.5",
                "@img/sharp-linux-arm64": "0.34.5",
                "@img/sharp-linux-ppc64": "0.34.5",
                "@img/sharp-linux-riscv64": "0.34.5",
                "@img/sharp-linux-s390x": "0.34.5",
                "@img/sharp-linux-x64": "0.34.5",
                "@img/sharp-linuxmusl-arm64": "0.34.5",
                "@img/sharp-linuxmusl-x64": "0.34.5",
                "@img/sharp-wasm32": "0.34.5",
                "@img/sharp-win32-arm64": "0.34.5",
                "@img/sharp-win32-ia32": "0.34.5",
                "@img/sharp-win32-x64": "0.34.5"
            }
        }
    }
}
